
Microsoft Visual Studio Solution File, Format Version 12.00
# Visual Studio Version 16
VisualStudioVersion = 16.0.30002.166
MinimumVisualStudioVersion = 10.0.40219.1
Project("{2150E333-8FDC-42A3-9474-1A3956D46DE8}") = "Framework", "Framework", "{090C6533-621D-43E1-B5DD-518C61524F15}"
EndProject
Project("{2150E333-8FDC-42A3-9474-1A3956D46DE8}") = "BuildingBlocks", "BuildingBlocks", "{43790995-7A9F-4153-8036-BE8F89BDAD4D}"
EndProject
Project("{2150E333-8FDC-42A3-9474-1A3956D46DE8}") = "Examples", "Examples", "{774FEA49-AA37-4A51-A469-F1EE06CE3B8D}"
EndProject
Project("{9A19103F-16F7-4668-BE54-9A1E7A4F7556}") = "Commerce.Application", "src\Framework\Commerce.Framework.Application\Commerce.Application.csproj", "{10135E0D-5855-4FCB-92C0-0CF17BC44024}"
EndProject
Project("{9A19103F-16F7-4668-BE54-9A1E7A4F7556}") = "Commerce.Domain", "src\Framework\Commerce.Framework.Domain\Commerce.Domain.csproj", "{721040AC-3928-46D7-B97C-02B9E0352A32}"
EndProject
Project("{9A19103F-16F7-4668-BE54-9A1E7A4F7556}") = "Commerce.Infrastructure", "src\Framework\Commerce.Framework.Infrastructure\Commerce.Infrastructure.csproj", "{9B7D0417-BC4D-4988-A353-C2E3023FB69C}"
EndProject
Project("{9A19103F-16F7-4668-BE54-9A1E7A4F7556}") = "Commerce.Examples.Web", "src\Examples\Commerce.Web\Commerce.Examples.Web.csproj", "{1B703933-862E-4EEF-B3A7-FE69407B21CA}"
EndProject
Project("{9A19103F-16F7-4668-BE54-9A1E7A4F7556}") = "Commerce.Framework.BuildingBlocks.Products", "src\Framework\BuildingBlocks\Commerce.Framework.BuildingBlocks.Products\Commerce.Framework.BuildingBlocks.Products.csproj", "{D95FFB1F-1246-4D76-AA2F-0FAE32CF91D9}"
EndProject
Global
	GlobalSection(SolutionConfigurationPlatforms) = preSolution
		Debug|Any CPU = Debug|Any CPU
		Release|Any CPU = Release|Any CPU
	EndGlobalSection
	GlobalSection(ProjectConfigurationPlatforms) = postSolution
		{10135E0D-5855-4FCB-92C0-0CF17BC44024}.Debug|Any CPU.ActiveCfg = Debug|Any CPU
		{10135E0D-5855-4FCB-92C0-0CF17BC44024}.Debug|Any CPU.Build.0 = Debug|Any CPU
		{10135E0D-5855-4FCB-92C0-0CF17BC44024}.Release|Any CPU.ActiveCfg = Release|Any CPU
		{10135E0D-5855-4FCB-92C0-0CF17BC44024}.Release|Any CPU.Build.0 = Release|Any CPU
		{721040AC-3928-46D7-B97C-02B9E0352A32}.Debug|Any CPU.ActiveCfg = Debug|Any CPU
		{721040AC-3928-46D7-B97C-02B9E0352A32}.Debug|Any CPU.Build.0 = Debug|Any CPU
		{721040AC-3928-46D7-B97C-02B9E0352A32}.Release|Any CPU.ActiveCfg = Release|Any CPU
		{721040AC-3928-46D7-B97C-02B9E0352A32}.Release|Any CPU.Build.0 = Release|Any CPU
		{9B7D0417-BC4D-4988-A353-C2E3023FB69C}.Debug|Any CPU.ActiveCfg = Debug|Any CPU
		{9B7D0417-BC4D-4988-A353-C2E3023FB69C}.Debug|Any CPU.Build.0 = Debug|Any CPU
		{9B7D0417-BC4D-4988-A353-C2E3023FB69C}.Release|Any CPU.ActiveCfg = Release|Any CPU
		{9B7D0417-BC4D-4988-A353-C2E3023FB69C}.Release|Any CPU.Build.0 = Release|Any CPU
		{1B703933-862E-4EEF-B3A7-FE69407B21CA}.Debug|Any CPU.ActiveCfg = Debug|Any CPU
		{1B703933-862E-4EEF-B3A7-FE69407B21CA}.Debug|Any CPU.Build.0 = Debug|Any CPU
		{1B703933-862E-4EEF-B3A7-FE69407B21CA}.Release|Any CPU.ActiveCfg = Release|Any CPU
		{1B703933-862E-4EEF-B3A7-FE69407B21CA}.Release|Any CPU.Build.0 = Release|Any CPU
		{D95FFB1F-1246-4D76-AA2F-0FAE32CF91D9}.Debug|Any CPU.ActiveCfg = Debug|Any CPU
		{D95FFB1F-1246-4D76-AA2F-0FAE32CF91D9}.Debug|Any CPU.Build.0 = Debug|Any CPU
		{D95FFB1F-1246-4D76-AA2F-0FAE32CF91D9}.Release|Any CPU.ActiveCfg = Release|Any CPU
		{D95FFB1F-1246-4D76-AA2F-0FAE32CF91D9}.Release|Any CPU.Build.0 = Release|Any CPU
	EndGlobalSection
	GlobalSection(SolutionProperties) = preSolution
		HideSolutionNode = FALSE
	EndGlobalSection
	GlobalSection(NestedProjects) = preSolution
		{43790995-7A9F-4153-8036-BE8F89BDAD4D} = {090C6533-621D-43E1-B5DD-518C61524F15}
		{10135E0D-5855-4FCB-92C0-0CF17BC44024} = {090C6533-621D-43E1-B5DD-518C61524F15}
		{721040AC-3928-46D7-B97C-02B9E0352A32} = {090C6533-621D-43E1-B5DD-518C61524F15}
		{9B7D0417-BC4D-4988-A353-C2E3023FB69C} = {090C6533-621D-43E1-B5DD-518C61524F15}
		{1B703933-862E-4EEF-B3A7-FE69407B21CA} = {774FEA49-AA37-4A51-A469-F1EE06CE3B8D}
		{D95FFB1F-1246-4D76-AA2F-0FAE32CF91D9} = {43790995-7A9F-4153-8036-BE8F89BDAD4D}
	EndGlobalSection
	GlobalSection(ExtensibilityGlobals) = postSolution
		SolutionGuid = {BAB1E249-DEB4-491D-A129-7671FBCCB607}
	EndGlobalSection
EndGlobal
